
Microsoft Visual Studio Solution File, Format Version 12.00
# Visual Studio Version 17
VisualStudioVersion = 17.4.33122.133
MinimumVisualStudioVersion = 10.0.40219.1
Project("{FAE04EC0-301F-11D3-BF4B-00C04F79EFBC}") = "ReportExample", "ReportExample\ReportExample.csproj", "{F6C72A13-BAEA-4AF9-A215-9A0C7ED91623}"
EndProject
Global
	GlobalSection(SolutionConfigurationPlatforms) = preSolution
		Debug|Any CPU = Debug|Any CPU
		Release|Any CPU = Release|Any CPU
	EndGlobalSection
	GlobalSection(ProjectConfigurationPlatforms) = postSolution
		{F6C72A13-BAEA-4AF9-A215-9A0C7ED91623}.Debug|Any CPU.ActiveCfg = Debug|Any CPU
		{F6C72A13-BAEA-4AF9-A215-9A0C7ED91623}.Debug|Any CPU.Build.0 = Debug|Any CPU
		{F6C72A13-BAEA-4AF9-A215-9A0C7ED91623}.Release|Any CPU.ActiveCfg = Release|Any CPU
		{F6C72A13-BAEA-4AF9-A215-9A0C7ED91623}.Release|Any CPU.Build.0 = Release|Any CPU
	EndGlobalSection
	GlobalSection(SolutionProperties) = preSolution
		HideSolutionNode = FALSE
	EndGlobalSection
	GlobalSection(ExtensibilityGlobals) = postSolution
		SolutionGuid = {A15B381A-C5A3-48E7-AC38-A925F334EC32}
	EndGlobalSection
EndGlobal
